// !$*UTF8*$!
{
	archiveVersion = 1;
	classes = {
	};
	objectVersion = 46;
	objects = {

/* Begin PBXBuildFile section */
		750F50C220278CF6001E28E9 /* UserManager.swift in Sources */ = {isa = PBXBuildFile; fileRef = 750F50C120278CF6001E28E9 /* UserManager.swift */; };
		750F50D02027D19B001E28E9 /* UserTableViewCell.swift in Sources */ = {isa = PBXBuildFile; fileRef = 750F50CF2027D19B001E28E9 /* UserTableViewCell.swift */; };
		752369F22039F97000FAE29B /* ChatBottomSheetImageCollectionViewCell.swift in Sources */ = {isa = PBXBuildFile; fileRef = 752369F12039F97000FAE29B /* ChatBottomSheetImageCollectionViewCell.swift */; };
		75236A01203B014E00FAE29B /* Resnet50.mlmodel in Sources */ = {isa = PBXBuildFile; fileRef = 752369FF203B014700FAE29B /* Resnet50.mlmodel */; };
		7527548C1FF6E18500D62C94 /* Foundation+.swift in Sources */ = {isa = PBXBuildFile; fileRef = 7527548B1FF6E18500D62C94 /* Foundation+.swift */; };
		75418D6C2025D46D00E43A93 /* Typist.framework in Frameworks */ = {isa = PBXBuildFile; fileRef = 75418D6B2025D46800E43A93 /* Typist.framework */; };
		75418D6D2025D47400E43A93 /* Typist.framework in Embed Frameworks */ = {isa = PBXBuildFile; fileRef = 75418D6B2025D46800E43A93 /* Typist.framework */; settings = {ATTRIBUTES = (CodeSignOnCopy, RemoveHeadersOnCopy, ); }; };
		7546A9291FFB2FBC00FE2F47 /* DictionaryViewController.swift in Sources */ = {isa = PBXBuildFile; fileRef = 7546A9281FFB2FBC00FE2F47 /* DictionaryViewController.swift */; };
		7546A92B1FFB2FD600FE2F47 /* DictionaryEntryViewController.swift in Sources */ = {isa = PBXBuildFile; fileRef = 7546A92A1FFB2FD600FE2F47 /* DictionaryEntryViewController.swift */; };
		7546A92D1FFB4DE500FE2F47 /* DictionaryEntryTableViewCell.swift in Sources */ = {isa = PBXBuildFile; fileRef = 7546A92C1FFB4DE500FE2F47 /* DictionaryEntryTableViewCell.swift */; };
		7546A92F1FFBA1C800FE2F47 /* DictionaryEntry.swift in Sources */ = {isa = PBXBuildFile; fileRef = 7546A92E1FFBA1C800FE2F47 /* DictionaryEntry.swift */; };
		7546A9311FFBA6D000FE2F47 /* DictionaryManager.swift in Sources */ = {isa = PBXBuildFile; fileRef = 7546A9301FFBA6D000FE2F47 /* DictionaryManager.swift */; };
		7546A9331FFBFD6800FE2F47 /* ChatBottomSheetViewController.swift in Sources */ = {isa = PBXBuildFile; fileRef = 7546A9321FFBFD6800FE2F47 /* ChatBottomSheetViewController.swift */; };
		7546A9351FFBFDA500FE2F47 /* ChatBottomSheetCollectionViewCell.swift in Sources */ = {isa = PBXBuildFile; fileRef = 7546A9341FFBFDA500FE2F47 /* ChatBottomSheetCollectionViewCell.swift */; };
		7546A9371FFC227400FE2F47 /* ChatBottomSheetViewControllerStrategy.swift in Sources */ = {isa = PBXBuildFile; fileRef = 7546A9361FFC227400FE2F47 /* ChatBottomSheetViewControllerStrategy.swift */; };
		7546A9391FFC4B7400FE2F47 /* DictionaryWordTableViewCell.swift in Sources */ = {isa = PBXBuildFile; fileRef = 7546A9381FFC4B7400FE2F47 /* DictionaryWordTableViewCell.swift */; };
		7546A93B1FFC4B9600FE2F47 /* DictionaryPhotoTableViewCell.swift in Sources */ = {isa = PBXBuildFile; fileRef = 7546A93A1FFC4B9600FE2F47 /* DictionaryPhotoTableViewCell.swift */; };
		7546A93D1FFC4BB700FE2F47 /* DictionaryContextTableViewCell.swift in Sources */ = {isa = PBXBuildFile; fileRef = 7546A93C1FFC4BB700FE2F47 /* DictionaryContextTableViewCell.swift */; };
		7546A93F1FFC52E300FE2F47 /* TranslationHistoryRecordTableViewCell.swift in Sources */ = {isa = PBXBuildFile; fileRef = 7546A93E1FFC52E300FE2F47 /* TranslationHistoryRecordTableViewCell.swift */; };
		7546A9411FFC52FE00FE2F47 /* TranslationHistoryViewController.swift in Sources */ = {isa = PBXBuildFile; fileRef = 7546A9401FFC52FE00FE2F47 /* TranslationHistoryViewController.swift */; };
		7546DC631EE02D690099AA66 /* SearchParameterTableViewCell.swift in Sources */ = {isa = PBXBuildFile; fileRef = 7546DC621EE02D690099AA66 /* SearchParameterTableViewCell.swift */; };
		7546DC671EE056190099AA66 /* SearchParameterSelectionViewController.swift in Sources */ = {isa = PBXBuildFile; fileRef = 7546DC661EE056180099AA66 /* SearchParameterSelectionViewController.swift */; };
		757BA68E1EB2489100CD2829 /* YandexTranslateService.swift in Sources */ = {isa = PBXBuildFile; fileRef = 757BA68D1EB2489100CD2829 /* YandexTranslateService.swift */; };
		757BA6901EB248A300CD2829 /* TranslateService.swift in Sources */ = {isa = PBXBuildFile; fileRef = 757BA68F1EB248A300CD2829 /* TranslateService.swift */; };
		758B61A01EA38BC600152AA4 /* CompleteRegisterViewController.swift in Sources */ = {isa = PBXBuildFile; fileRef = 758B619F1EA38BC600152AA4 /* CompleteRegisterViewController.swift */; };
		758B61A31EA38D4100152AA4 /* ControllerCoordinator.swift in Sources */ = {isa = PBXBuildFile; fileRef = 758B61A21EA38D4100152AA4 /* ControllerCoordinator.swift */; };
		758B61A51EA3C98800152AA4 /* Client+Interaction.swift in Sources */ = {isa = PBXBuildFile; fileRef = 758B61A41EA3C98800152AA4 /* Client+Interaction.swift */; };
		758B61A71EA3CA1A00152AA4 /* Client+User.swift in Sources */ = {isa = PBXBuildFile; fileRef = 758B61A61EA3CA1A00152AA4 /* Client+User.swift */; };
		758B61A91EA3CEB800152AA4 /* Client+Settings.swift in Sources */ = {isa = PBXBuildFile; fileRef = 758B61A81EA3CEB800152AA4 /* Client+Settings.swift */; };
		758B61AD1EA939CA00152AA4 /* Language.swift in Sources */ = {isa = PBXBuildFile; fileRef = 758B61AC1EA939CA00152AA4 /* Language.swift */; };
		758B61AF1EA93A0B00152AA4 /* Enums.swift in Sources */ = {isa = PBXBuildFile; fileRef = 758B61AE1EA93A0B00152AA4 /* Enums.swift */; };
		758B61B81EABC91D00152AA4 /* UserInfoPicker.swift in Sources */ = {isa = PBXBuildFile; fileRef = 758B61B71EABC91D00152AA4 /* UserInfoPicker.swift */; };
		758B61BB1EABC99200152AA4 /* Notifications.swift in Sources */ = {isa = PBXBuildFile; fileRef = 758B61BA1EABC99200152AA4 /* Notifications.swift */; };
		758B61C01EAFAFE800152AA4 /* ConversationsViewController.swift in Sources */ = {isa = PBXBuildFile; fileRef = 758B61BF1EAFAFE800152AA4 /* ConversationsViewController.swift */; };
		758B61C21EAFB02900152AA4 /* ChatViewController.swift in Sources */ = {isa = PBXBuildFile; fileRef = 758B61C11EAFB02900152AA4 /* ChatViewController.swift */; };
		758B61C41EAFB94200152AA4 /* ProfileViewController.swift in Sources */ = {isa = PBXBuildFile; fileRef = 758B61C31EAFB94200152AA4 /* ProfileViewController.swift */; };
		758B61C81EAFB95600152AA4 /* SearchViewController.swift in Sources */ = {isa = PBXBuildFile; fileRef = 758B61C71EAFB95600152AA4 /* SearchViewController.swift */; };
		758B61CB1EAFC63500152AA4 /* MessageTableViewCell.swift in Sources */ = {isa = PBXBuildFile; fileRef = 758B61CA1EAFC63500152AA4 /* MessageTableViewCell.swift */; };
		758B61CF1EB1F46900152AA4 /* ConversationTableViewCell.swift in Sources */ = {isa = PBXBuildFile; fileRef = 758B61CE1EB1F46900152AA4 /* ConversationTableViewCell.swift */; };
		758B61D21EB1FE0100152AA4 /* ChatTextView.swift in Sources */ = {isa = PBXBuildFile; fileRef = 758B61D11EB1FE0100152AA4 /* ChatTextView.swift */; };
		758BD4361FFD85E7007D47BF /* ThirdPartyService.swift in Sources */ = {isa = PBXBuildFile; fileRef = 758BD4351FFD85E7007D47BF /* ThirdPartyService.swift */; };
		758BD4441FFD8DA9007D47BF /* DictionaryService.swift in Sources */ = {isa = PBXBuildFile; fileRef = 758BD4431FFD8DA9007D47BF /* DictionaryService.swift */; };
		758BD4461FFD90E6007D47BF /* YandexDictionaryService.swift in Sources */ = {isa = PBXBuildFile; fileRef = 758BD4451FFD90E6007D47BF /* YandexDictionaryService.swift */; };
		758BD4481FFDC37F007D47BF /* BaseStorageManager.swift in Sources */ = {isa = PBXBuildFile; fileRef = 758BD4471FFDC37F007D47BF /* BaseStorageManager.swift */; };
		75A436472029117300FBCA8C /* User.swift in Sources */ = {isa = PBXBuildFile; fileRef = 75A436462029117300FBCA8C /* User.swift */; };
		75A436552029119D00FBCA8C /* Message.swift in Sources */ = {isa = PBXBuildFile; fileRef = 75A436542029119D00FBCA8C /* Message.swift */; };
		75A436572029127300FBCA8C /* Comment.swift in Sources */ = {isa = PBXBuildFile; fileRef = 75A436562029127300FBCA8C /* Comment.swift */; };
		75A43659202913F100FBCA8C /* MessageProtocol.swift in Sources */ = {isa = PBXBuildFile; fileRef = 75A43658202913F100FBCA8C /* MessageProtocol.swift */; };
		75A5A8BB1E72116200ABA2CC /* OAuth2RetryHandler.swift in Sources */ = {isa = PBXBuildFile; fileRef = 75A5A8BA1E72116200ABA2CC /* OAuth2RetryHandler.swift */; };
		75A5A8BD1E7217C000ABA2CC /* OAuthInstances.swift in Sources */ = {isa = PBXBuildFile; fileRef = 75A5A8BC1E7217C000ABA2CC /* OAuthInstances.swift */; };
		75C8D0EC1FC32D66003E1971 /* MessagesService.swift in Sources */ = {isa = PBXBuildFile; fileRef = 75C8D0EB1FC32D65003E1971 /* MessagesService.swift */; };
		75D4A7811EC713700029812E /* Enums+Localized.swift in Sources */ = {isa = PBXBuildFile; fileRef = 75D4A7801EC713700029812E /* Enums+Localized.swift */; };
		75D4A78D1EC714C10029812E /* String+Localized.swift in Sources */ = {isa = PBXBuildFile; fileRef = 75D4A78C1EC714C10029812E /* String+Localized.swift */; };
		75D4A78F1EC7269E0029812E /* Enums+Server.swift in Sources */ = {isa = PBXBuildFile; fileRef = 75D4A78E1EC7269E0029812E /* Enums+Server.swift */; };
		75D4A7911EC730400029812E /* String+Server.swift in Sources */ = {isa = PBXBuildFile; fileRef = 75D4A7901EC730400029812E /* String+Server.swift */; };
		75DA6A861EC78866005563C8 /* SearchTableViewCell.swift in Sources */ = {isa = PBXBuildFile; fileRef = 75DA6A851EC78866005563C8 /* SearchTableViewCell.swift */; };
		75DC1CD51EC8BF34008B6017 /* SearchParametersViewController.swift in Sources */ = {isa = PBXBuildFile; fileRef = 75DC1CD41EC8BF34008B6017 /* SearchParametersViewController.swift */; };
		75DC1CE11EC8BF48008B6017 /* ProfileEditViewController.swift in Sources */ = {isa = PBXBuildFile; fileRef = 75DC1CE01EC8BF48008B6017 /* ProfileEditViewController.swift */; };
		75DC1CE51EC8BFE3008B6017 /* UserListTableViewController.swift in Sources */ = {isa = PBXBuildFile; fileRef = 75DC1CE41EC8BFE3008B6017 /* UserListTableViewController.swift */; };
		75E617891E5050310033C236 /* AppDelegate.swift in Sources */ = {isa = PBXBuildFile; fileRef = 75E617881E5050310033C236 /* AppDelegate.swift */; };
		75E6178B1E5050310033C236 /* LoginViewController.swift in Sources */ = {isa = PBXBuildFile; fileRef = 75E6178A1E5050310033C236 /* LoginViewController.swift */; };
		75E6178E1E5050310033C236 /* Main.storyboard in Resources */ = {isa = PBXBuildFile; fileRef = 75E6178C1E5050310033C236 /* Main.storyboard */; };
		75E617911E5050310033C236 /* Social_Network.xcdatamodeld in Sources */ = {isa = PBXBuildFile; fileRef = 75E6178F1E5050310033C236 /* Social_Network.xcdatamodeld */; };
		75E617931E5050310033C236 /* Assets.xcassets in Resources */ = {isa = PBXBuildFile; fileRef = 75E617921E5050310033C236 /* Assets.xcassets */; };
		75E617961E5050310033C236 /* LaunchScreen.storyboard in Resources */ = {isa = PBXBuildFile; fileRef = 75E617941E5050310033C236 /* LaunchScreen.storyboard */; };
		75E617BA1E5056C70033C236 /* RegisterViewController.swift in Sources */ = {isa = PBXBuildFile; fileRef = 75E617B91E5056C70033C236 /* RegisterViewController.swift */; };
		75E617BD1E505E240033C236 /* Client.swift in Sources */ = {isa = PBXBuildFile; fileRef = 75E617BC1E505E240033C236 /* Client.swift */; };
		75E617C21E50A2F70033C236 /* Client+Authentication.swift in Sources */ = {isa = PBXBuildFile; fileRef = 75E617C11E50A2F70033C236 /* Client+Authentication.swift */; };
		75E617C41E50A4230033C236 /* Client+Constants.swift in Sources */ = {isa = PBXBuildFile; fileRef = 75E617C31E50A4230033C236 /* Client+Constants.swift */; };
		75E617C61E50CAD80033C236 /* Constants.swift in Sources */ = {isa = PBXBuildFile; fileRef = 75E617C51E50CAD80033C236 /* Constants.swift */; };
		75F228791FF3842400D222CF /* Search.storyboard in Resources */ = {isa = PBXBuildFile; fileRef = 75F228781FF3842400D222CF /* Search.storyboard */; };
		75F228811FF3870B00D222CF /* UIKit+.swift in Sources */ = {isa = PBXBuildFile; fileRef = 75F228801FF3870B00D222CF /* UIKit+.swift */; };
		75F228861FF436B800D222CF /* Conversations.storyboard in Resources */ = {isa = PBXBuildFile; fileRef = 75F228821FF436B700D222CF /* Conversations.storyboard */; };
		75F228871FF436B800D222CF /* Profile.storyboard in Resources */ = {isa = PBXBuildFile; fileRef = 75F228841FF436B800D222CF /* Profile.storyboard */; };
		75F2288A1FF4389900D222CF /* Dictionary.storyboard in Resources */ = {isa = PBXBuildFile; fileRef = 75F228881FF4389900D222CF /* Dictionary.storyboard */; };
		75F2288C1FF57C8A00D222CF /* LanguageService.swift in Sources */ = {isa = PBXBuildFile; fileRef = 75F2288B1FF57C8A00D222CF /* LanguageService.swift */; };
		75FCFF1B1E9D305100F640A6 /* Alamofire.framework in Frameworks */ = {isa = PBXBuildFile; fileRef = 75A5A8991E71836E00ABA2CC /* Alamofire.framework */; };
		75FCFF1C1E9D305100F640A6 /* Alamofire.framework in Embed Frameworks */ = {isa = PBXBuildFile; fileRef = 75A5A8991E71836E00ABA2CC /* Alamofire.framework */; settings = {ATTRIBUTES = (CodeSignOnCopy, RemoveHeadersOnCopy, ); }; };
		75FCFF1F1E9D305100F640A6 /* OAuth2.framework in Frameworks */ = {isa = PBXBuildFile; fileRef = 75A7ED8B1E6C71B0002DD4ED /* OAuth2.framework */; };
		75FCFF201E9D305100F640A6 /* OAuth2.framework in Embed Frameworks */ = {isa = PBXBuildFile; fileRef = 75A7ED8B1E6C71B0002DD4ED /* OAuth2.framework */; settings = {ATTRIBUTES = (CodeSignOnCopy, RemoveHeadersOnCopy, ); }; };
		75FD485C1FFDE57E00E5814C /* TranslateManager.swift in Sources */ = {isa = PBXBuildFile; fileRef = 75FD485B1FFDE57E00E5814C /* TranslateManager.swift */; };
/* End PBXBuildFile section */

/* Begin PBXContainerItemProxy section */
		75418D682025D46800E43A93 /* PBXContainerItemProxy */ = {
			isa = PBXContainerItemProxy;
			containerPortal = 75418D632025D46800E43A93 /* Typist.xcodeproj */;
			proxyType = 2;
			remoteGlobalIDString = 9909502E1D9928210040D759;
			remoteInfo = "Typist-Demo";
		};
		75418D6A2025D46800E43A93 /* PBXContainerItemProxy */ = {
			isa = PBXContainerItemProxy;
			containerPortal = 75418D632025D46800E43A93 /* Typist.xcodeproj */;
			proxyType = 2;
			remoteGlobalIDString = 995B3BA51DABB30B0027A37E;
			remoteInfo = Typist;
		};
		75A5A8981E71836E00ABA2CC /* PBXContainerItemProxy */ = {
			isa = PBXContainerItemProxy;
			containerPortal = 75A5A88D1E71836D00ABA2CC /* Alamofire.xcodeproj */;
			proxyType = 2;
			remoteGlobalIDString = F8111E3319A95C8B0040E7D1;
			remoteInfo = "Alamofire iOS";
		};
		75A5A89A1E71836E00ABA2CC /* PBXContainerItemProxy */ = {
			isa = PBXContainerItemProxy;
			containerPortal = 75A5A88D1E71836D00ABA2CC /* Alamofire.xcodeproj */;
			proxyType = 2;
			remoteGlobalIDString = F8111E3E19A95C8B0040E7D1;
			remoteInfo = "Alamofire iOS Tests";
		};
		75A5A89C1E71836E00ABA2CC /* PBXContainerItemProxy */ = {
			isa = PBXContainerItemProxy;
			containerPortal = 75A5A88D1E71836D00ABA2CC /* Alamofire.xcodeproj */;
			proxyType = 2;
			remoteGlobalIDString = 4DD67C0B1A5C55C900ED2280;
			remoteInfo = "Alamofire macOS";
		};
		75A5A89E1E71836E00ABA2CC /* PBXContainerItemProxy */ = {
			isa = PBXContainerItemProxy;
			containerPortal = 75A5A88D1E71836D00ABA2CC /* Alamofire.xcodeproj */;
			proxyType = 2;
			remoteGlobalIDString = F829C6B21A7A94F100A2CD59;
			remoteInfo = "Alamofire macOS Tests";
		};
		75A5A8A01E71836E00ABA2CC /* PBXContainerItemProxy */ = {
			isa = PBXContainerItemProxy;
			containerPortal = 75A5A88D1E71836D00ABA2CC /* Alamofire.xcodeproj */;
			proxyType = 2;
			remoteGlobalIDString = 4CF626EF1BA7CB3E0011A099;
			remoteInfo = "Alamofire tvOS";
		};
		75A5A8A21E71836E00ABA2CC /* PBXContainerItemProxy */ = {
			isa = PBXContainerItemProxy;
			containerPortal = 75A5A88D1E71836D00ABA2CC /* Alamofire.xcodeproj */;
			proxyType = 2;
			remoteGlobalIDString = 4CF626F81BA7CB3E0011A099;
			remoteInfo = "Alamofire tvOS Tests";
		};
		75A5A8A41E71836E00ABA2CC /* PBXContainerItemProxy */ = {
			isa = PBXContainerItemProxy;
			containerPortal = 75A5A88D1E71836D00ABA2CC /* Alamofire.xcodeproj */;
			proxyType = 2;
			remoteGlobalIDString = E4202FE01B667AA100C997FB;
			remoteInfo = "Alamofire watchOS";
		};
		75A7ED881E6C71B0002DD4ED /* PBXContainerItemProxy */ = {
			isa = PBXContainerItemProxy;
			containerPortal = 75A7ED811E6C71B0002DD4ED /* OAuth2.xcodeproj */;
			proxyType = 2;
			remoteGlobalIDString = EEE209471942772800736F1A;
			remoteInfo = OAuth2macOS;
		};
		75A7ED8A1E6C71B0002DD4ED /* PBXContainerItemProxy */ = {
			isa = PBXContainerItemProxy;
			containerPortal = 75A7ED811E6C71B0002DD4ED /* OAuth2.xcodeproj */;
			proxyType = 2;
			remoteGlobalIDString = EEDB8624193FAAE500C4EEA1;
			remoteInfo = OAuth2iOS;
		};
		75A7ED8C1E6C71B0002DD4ED /* PBXContainerItemProxy */ = {
			isa = PBXContainerItemProxy;
			containerPortal = 75A7ED811E6C71B0002DD4ED /* OAuth2.xcodeproj */;
			proxyType = 2;
			remoteGlobalIDString = 659854461C5B3BEA00237D39;
			remoteInfo = OAuth2tvOS;
		};
		75A7ED8E1E6C71B0002DD4ED /* PBXContainerItemProxy */ = {
			isa = PBXContainerItemProxy;
			containerPortal = 75A7ED811E6C71B0002DD4ED /* OAuth2.xcodeproj */;
			proxyType = 2;
			remoteGlobalIDString = EEE209A219427DFE00736F1A;
			remoteInfo = OAuth2Tests;
		};
		75FCFF1D1E9D305100F640A6 /* PBXContainerItemProxy */ = {
			isa = PBXContainerItemProxy;
			containerPortal = 75A5A88D1E71836D00ABA2CC /* Alamofire.xcodeproj */;
			proxyType = 1;
			remoteGlobalIDString = F8111E3219A95C8B0040E7D1;
			remoteInfo = "Alamofire iOS";
		};
		75FCFF211E9D305100F640A6 /* PBXContainerItemProxy */ = {
			isa = PBXContainerItemProxy;
			containerPortal = 75A7ED811E6C71B0002DD4ED /* OAuth2.xcodeproj */;
			proxyType = 1;
			remoteGlobalIDString = EEDB8623193FAAE500C4EEA1;
			remoteInfo = OAuth2iOS;
		};
/* End PBXContainerItemProxy section */

/* Begin PBXCopyFilesBuildPhase section */
		75FCFF231E9D305100F640A6 /* Embed Frameworks */ = {
			isa = PBXCopyFilesBuildPhase;
			buildActionMask = 2147483647;
			dstPath = "";
			dstSubfolderSpec = 10;
			files = (
				75418D6D2025D47400E43A93 /* Typist.framework in Embed Frameworks */,
				75FCFF1C1E9D305100F640A6 /* Alamofire.framework in Embed Frameworks */,
				75FCFF201E9D305100F640A6 /* OAuth2.framework in Embed Frameworks */,
			);
			name = "Embed Frameworks";
			runOnlyForDeploymentPostprocessing = 0;
		};
/* End PBXCopyFilesBuildPhase section */

/* Begin PBXFileReference section */
		750F50C120278CF6001E28E9 /* UserManager.swift */ = {isa = PBXFileReference; lastKnownFileType = sourcecode.swift; path = UserManager.swift; sourceTree = "<group>"; };
		750F50CF2027D19B001E28E9 /* UserTableViewCell.swift */ = {isa = PBXFileReference; lastKnownFileType = sourcecode.swift; path = UserTableViewCell.swift; sourceTree = "<group>"; };
		752369F12039F97000FAE29B /* ChatBottomSheetImageCollectionViewCell.swift */ = {isa = PBXFileReference; lastKnownFileType = sourcecode.swift; path = ChatBottomSheetImageCollectionViewCell.swift; sourceTree = "<group>"; };
		752369FF203B014700FAE29B /* Resnet50.mlmodel */ = {isa = PBXFileReference; lastKnownFileType = file.mlmodel; path = Resnet50.mlmodel; sourceTree = "<group>"; };
		7527548B1FF6E18500D62C94 /* Foundation+.swift */ = {isa = PBXFileReference; lastKnownFileType = sourcecode.swift; path = "Foundation+.swift"; sourceTree = "<group>"; };
		75418D632025D46800E43A93 /* Typist.xcodeproj */ = {isa = PBXFileReference; lastKnownFileType = "wrapper.pb-project"; name = Typist.xcodeproj; path = Typist/Typist.xcodeproj; sourceTree = "<group>"; };
		7546A9281FFB2FBC00FE2F47 /* DictionaryViewController.swift */ = {isa = PBXFileReference; lastKnownFileType = sourcecode.swift; path = DictionaryViewController.swift; sourceTree = "<group>"; };
		7546A92A1FFB2FD600FE2F47 /* DictionaryEntryViewController.swift */ = {isa = PBXFileReference; lastKnownFileType = sourcecode.swift; path = DictionaryEntryViewController.swift; sourceTree = "<group>"; };
		7546A92C1FFB4DE500FE2F47 /* DictionaryEntryTableViewCell.swift */ = {isa = PBXFileReference; lastKnownFileType = sourcecode.swift; path = DictionaryEntryTableViewCell.swift; sourceTree = "<group>"; };
		7546A92E1FFBA1C800FE2F47 /* DictionaryEntry.swift */ = {isa = PBXFileReference; lastKnownFileType = sourcecode.swift; path = DictionaryEntry.swift; sourceTree = "<group>"; };
		7546A9301FFBA6D000FE2F47 /* DictionaryManager.swift */ = {isa = PBXFileReference; lastKnownFileType = sourcecode.swift; path = DictionaryManager.swift; sourceTree = "<group>"; };
		7546A9321FFBFD6800FE2F47 /* ChatBottomSheetViewController.swift */ = {isa = PBXFileReference; lastKnownFileType = sourcecode.swift; path = ChatBottomSheetViewController.swift; sourceTree = "<group>"; };
		7546A9341FFBFDA500FE2F47 /* ChatBottomSheetCollectionViewCell.swift */ = {isa = PBXFileReference; lastKnownFileType = sourcecode.swift; path = ChatBottomSheetCollectionViewCell.swift; sourceTree = "<group>"; };
		7546A9361FFC227400FE2F47 /* ChatBottomSheetViewControllerStrategy.swift */ = {isa = PBXFileReference; lastKnownFileType = sourcecode.swift; path = ChatBottomSheetViewControllerStrategy.swift; sourceTree = "<group>"; };
		7546A9381FFC4B7400FE2F47 /* DictionaryWordTableViewCell.swift */ = {isa = PBXFileReference; lastKnownFileType = sourcecode.swift; path = DictionaryWordTableViewCell.swift; sourceTree = "<group>"; };
		7546A93A1FFC4B9600FE2F47 /* DictionaryPhotoTableViewCell.swift */ = {isa = PBXFileReference; lastKnownFileType = sourcecode.swift; path = DictionaryPhotoTableViewCell.swift; sourceTree = "<group>"; };
		7546A93C1FFC4BB700FE2F47 /* DictionaryContextTableViewCell.swift */ = {isa = PBXFileReference; lastKnownFileType = sourcecode.swift; path = DictionaryContextTableViewCell.swift; sourceTree = "<group>"; };
		7546A93E1FFC52E300FE2F47 /* TranslationHistoryRecordTableViewCell.swift */ = {isa = PBXFileReference; lastKnownFileType = sourcecode.swift; path = TranslationHistoryRecordTableViewCell.swift; sourceTree = "<group>"; };
		7546A9401FFC52FE00FE2F47 /* TranslationHistoryViewController.swift */ = {isa = PBXFileReference; lastKnownFileType = sourcecode.swift; path = TranslationHistoryViewController.swift; sourceTree = "<group>"; };
		7546DC621EE02D690099AA66 /* SearchParameterTableViewCell.swift */ = {isa = PBXFileReference; fileEncoding = 4; lastKnownFileType = sourcecode.swift; path = SearchParameterTableViewCell.swift; sourceTree = "<group>"; };
		7546DC661EE056180099AA66 /* SearchParameterSelectionViewController.swift */ = {isa = PBXFileReference; fileEncoding = 4; lastKnownFileType = sourcecode.swift; path = SearchParameterSelectionViewController.swift; sourceTree = "<group>"; };
		757BA68D1EB2489100CD2829 /* YandexTranslateService.swift */ = {isa = PBXFileReference; fileEncoding = 4; lastKnownFileType = sourcecode.swift; path = YandexTranslateService.swift; sourceTree = "<group>"; };
		757BA68F1EB248A300CD2829 /* TranslateService.swift */ = {isa = PBXFileReference; fileEncoding = 4; lastKnownFileType = sourcecode.swift; path = TranslateService.swift; sourceTree = "<group>"; };
		758B619F1EA38BC600152AA4 /* CompleteRegisterViewController.swift */ = {isa = PBXFileReference; fileEncoding = 4; lastKnownFileType = sourcecode.swift; path = CompleteRegisterViewController.swift; sourceTree = "<group>"; };
		758B61A21EA38D4100152AA4 /* ControllerCoordinator.swift */ = {isa = PBXFileReference; fileEncoding = 4; lastKnownFileType = sourcecode.swift; path = ControllerCoordinator.swift; sourceTree = "<group>"; };
		758B61A41EA3C98800152AA4 /* Client+Interaction.swift */ = {isa = PBXFileReference; fileEncoding = 4; lastKnownFileType = sourcecode.swift; path = "Client+Interaction.swift"; sourceTree = "<group>"; };
		758B61A61EA3CA1A00152AA4 /* Client+User.swift */ = {isa = PBXFileReference; fileEncoding = 4; lastKnownFileType = sourcecode.swift; path = "Client+User.swift"; sourceTree = "<group>"; };
		758B61A81EA3CEB800152AA4 /* Client+Settings.swift */ = {isa = PBXFileReference; fileEncoding = 4; lastKnownFileType = sourcecode.swift; path = "Client+Settings.swift"; sourceTree = "<group>"; };
		758B61AC1EA939CA00152AA4 /* Language.swift */ = {isa = PBXFileReference; fileEncoding = 4; lastKnownFileType = sourcecode.swift; path = Language.swift; sourceTree = "<group>"; };
		758B61AE1EA93A0B00152AA4 /* Enums.swift */ = {isa = PBXFileReference; fileEncoding = 4; lastKnownFileType = sourcecode.swift; path = Enums.swift; sourceTree = "<group>"; };
		758B61B71EABC91D00152AA4 /* UserInfoPicker.swift */ = {isa = PBXFileReference; fileEncoding = 4; lastKnownFileType = sourcecode.swift; path = UserInfoPicker.swift; sourceTree = "<group>"; };
		758B61BA1EABC99200152AA4 /* Notifications.swift */ = {isa = PBXFileReference; fileEncoding = 4; lastKnownFileType = sourcecode.swift; path = Notifications.swift; sourceTree = "<group>"; };
		758B61BF1EAFAFE800152AA4 /* ConversationsViewController.swift */ = {isa = PBXFileReference; fileEncoding = 4; lastKnownFileType = sourcecode.swift; path = ConversationsViewController.swift; sourceTree = "<group>"; };
		758B61C11EAFB02900152AA4 /* ChatViewController.swift */ = {isa = PBXFileReference; fileEncoding = 4; lastKnownFileType = sourcecode.swift; path = ChatViewController.swift; sourceTree = "<group>"; };
		758B61C31EAFB94200152AA4 /* ProfileViewController.swift */ = {isa = PBXFileReference; fileEncoding = 4; lastKnownFileType = sourcecode.swift; path = ProfileViewController.swift; sourceTree = "<group>"; };
		758B61C71EAFB95600152AA4 /* SearchViewController.swift */ = {isa = PBXFileReference; fileEncoding = 4; lastKnownFileType = sourcecode.swift; path = SearchViewController.swift; sourceTree = "<group>"; };
		758B61CA1EAFC63500152AA4 /* MessageTableViewCell.swift */ = {isa = PBXFileReference; fileEncoding = 4; lastKnownFileType = sourcecode.swift; path = MessageTableViewCell.swift; sourceTree = "<group>"; };
		758B61CE1EB1F46900152AA4 /* ConversationTableViewCell.swift */ = {isa = PBXFileReference; fileEncoding = 4; lastKnownFileType = sourcecode.swift; path = ConversationTableViewCell.swift; sourceTree = "<group>"; };
		758B61D11EB1FE0100152AA4 /* ChatTextView.swift */ = {isa = PBXFileReference; fileEncoding = 4; lastKnownFileType = sourcecode.swift; path = ChatTextView.swift; sourceTree = "<group>"; };
		758BD4351FFD85E7007D47BF /* ThirdPartyService.swift */ = {isa = PBXFileReference; lastKnownFileType = sourcecode.swift; path = ThirdPartyService.swift; sourceTree = "<group>"; };
		758BD4431FFD8DA9007D47BF /* DictionaryService.swift */ = {isa = PBXFileReference; lastKnownFileType = sourcecode.swift; path = DictionaryService.swift; sourceTree = "<group>"; };
		758BD4451FFD90E6007D47BF /* YandexDictionaryService.swift */ = {isa = PBXFileReference; lastKnownFileType = sourcecode.swift; path = YandexDictionaryService.swift; sourceTree = "<group>"; };
		758BD4471FFDC37F007D47BF /* BaseStorageManager.swift */ = {isa = PBXFileReference; lastKnownFileType = sourcecode.swift; path = BaseStorageManager.swift; sourceTree = "<group>"; };
		75A436462029117300FBCA8C /* User.swift */ = {isa = PBXFileReference; lastKnownFileType = sourcecode.swift; path = User.swift; sourceTree = "<group>"; };
		75A436542029119D00FBCA8C /* Message.swift */ = {isa = PBXFileReference; lastKnownFileType = sourcecode.swift; path = Message.swift; sourceTree = "<group>"; };
		75A436562029127300FBCA8C /* Comment.swift */ = {isa = PBXFileReference; lastKnownFileType = sourcecode.swift; path = Comment.swift; sourceTree = "<group>"; };
		75A43658202913F100FBCA8C /* MessageProtocol.swift */ = {isa = PBXFileReference; lastKnownFileType = sourcecode.swift; path = MessageProtocol.swift; sourceTree = "<group>"; };
		75A5A88D1E71836D00ABA2CC /* Alamofire.xcodeproj */ = {isa = PBXFileReference; lastKnownFileType = "wrapper.pb-project"; name = Alamofire.xcodeproj; path = Alamofire/Alamofire.xcodeproj; sourceTree = "<group>"; };
		75A5A8BA1E72116200ABA2CC /* OAuth2RetryHandler.swift */ = {isa = PBXFileReference; fileEncoding = 4; lastKnownFileType = sourcecode.swift; path = OAuth2RetryHandler.swift; sourceTree = "<group>"; };
		75A5A8BC1E7217C000ABA2CC /* OAuthInstances.swift */ = {isa = PBXFileReference; fileEncoding = 4; lastKnownFileType = sourcecode.swift; path = OAuthInstances.swift; sourceTree = "<group>"; };
		75A7ED811E6C71B0002DD4ED /* OAuth2.xcodeproj */ = {isa = PBXFileReference; lastKnownFileType = "wrapper.pb-project"; name = OAuth2.xcodeproj; path = OAuth2/OAuth2.xcodeproj; sourceTree = "<group>"; };
		75C8D0EB1FC32D65003E1971 /* MessagesService.swift */ = {isa = PBXFileReference; lastKnownFileType = sourcecode.swift; path = MessagesService.swift; sourceTree = "<group>"; };
		75D4A7801EC713700029812E /* Enums+Localized.swift */ = {isa = PBXFileReference; fileEncoding = 4; lastKnownFileType = sourcecode.swift; path = "Enums+Localized.swift"; sourceTree = "<group>"; };
		75D4A78C1EC714C10029812E /* String+Localized.swift */ = {isa = PBXFileReference; fileEncoding = 4; lastKnownFileType = sourcecode.swift; path = "String+Localized.swift"; sourceTree = "<group>"; };
		75D4A78E1EC7269E0029812E /* Enums+Server.swift */ = {isa = PBXFileReference; fileEncoding = 4; lastKnownFileType = sourcecode.swift; path = "Enums+Server.swift"; sourceTree = "<group>"; };
		75D4A7901EC730400029812E /* String+Server.swift */ = {isa = PBXFileReference; fileEncoding = 4; lastKnownFileType = sourcecode.swift; path = "String+Server.swift"; sourceTree = "<group>"; };
		75DA6A851EC78866005563C8 /* SearchTableViewCell.swift */ = {isa = PBXFileReference; fileEncoding = 4; lastKnownFileType = sourcecode.swift; path = SearchTableViewCell.swift; sourceTree = "<group>"; };
		75DC1CD41EC8BF34008B6017 /* SearchParametersViewController.swift */ = {isa = PBXFileReference; fileEncoding = 4; lastKnownFileType = sourcecode.swift; path = SearchParametersViewController.swift; sourceTree = "<group>"; };
		75DC1CE01EC8BF48008B6017 /* ProfileEditViewController.swift */ = {isa = PBXFileReference; fileEncoding = 4; lastKnownFileType = sourcecode.swift; path = ProfileEditViewController.swift; sourceTree = "<group>"; };
		75DC1CE41EC8BFE3008B6017 /* UserListTableViewController.swift */ = {isa = PBXFileReference; fileEncoding = 4; lastKnownFileType = sourcecode.swift; path = UserListTableViewController.swift; sourceTree = "<group>"; };
		75E617851E5050310033C236 /* Social Network.app */ = {isa = PBXFileReference; explicitFileType = wrapper.application; includeInIndex = 0; path = "Social Network.app"; sourceTree = BUILT_PRODUCTS_DIR; };
		75E617881E5050310033C236 /* AppDelegate.swift */ = {isa = PBXFileReference; lastKnownFileType = sourcecode.swift; path = AppDelegate.swift; sourceTree = "<group>"; };
		75E6178A1E5050310033C236 /* LoginViewController.swift */ = {isa = PBXFileReference; lastKnownFileType = sourcecode.swift; path = LoginViewController.swift; sourceTree = "<group>"; };
		75E6178D1E5050310033C236 /* Base */ = {isa = PBXFileReference; lastKnownFileType = file.storyboard; name = Base; path = Base.lproj/Main.storyboard; sourceTree = "<group>"; };
		75E617901E5050310033C236 /* Social_Network.xcdatamodel */ = {isa = PBXFileReference; lastKnownFileType = wrapper.xcdatamodel; path = Social_Network.xcdatamodel; sourceTree = "<group>"; };
		75E617921E5050310033C236 /* Assets.xcassets */ = {isa = PBXFileReference; lastKnownFileType = folder.assetcatalog; path = Assets.xcassets; sourceTree = "<group>"; };
		75E617951E5050310033C236 /* Base */ = {isa = PBXFileReference; lastKnownFileType = file.storyboard; name = Base; path = Base.lproj/LaunchScreen.storyboard; sourceTree = "<group>"; };
		75E617971E5050310033C236 /* Info.plist */ = {isa = PBXFileReference; lastKnownFileType = text.plist.xml; path = Info.plist; sourceTree = "<group>"; };
		75E617A01E5050310033C236 /* Social_NetworkTests.swift */ = {isa = PBXFileReference; lastKnownFileType = sourcecode.swift; path = Social_NetworkTests.swift; sourceTree = "<group>"; };
		75E617A21E5050310033C236 /* Info.plist */ = {isa = PBXFileReference; lastKnownFileType = text.plist.xml; path = Info.plist; sourceTree = "<group>"; };
		75E617AB1E5050310033C236 /* Social_NetworkUITests.swift */ = {isa = PBXFileReference; lastKnownFileType = sourcecode.swift; path = Social_NetworkUITests.swift; sourceTree = "<group>"; };
		75E617AD1E5050310033C236 /* Info.plist */ = {isa = PBXFileReference; lastKnownFileType = text.plist.xml; path = Info.plist; sourceTree = "<group>"; };
		75E617B91E5056C70033C236 /* RegisterViewController.swift */ = {isa = PBXFileReference; fileEncoding = 4; lastKnownFileType = sourcecode.swift; path = RegisterViewController.swift; sourceTree = "<group>"; };
		75E617BC1E505E240033C236 /* Client.swift */ = {isa = PBXFileReference; fileEncoding = 4; lastKnownFileType = sourcecode.swift; path = Client.swift; sourceTree = "<group>"; };
		75E617C11E50A2F70033C236 /* Client+Authentication.swift */ = {isa = PBXFileReference; fileEncoding = 4; lastKnownFileType = sourcecode.swift; path = "Client+Authentication.swift"; sourceTree = "<group>"; };
		75E617C31E50A4230033C236 /* Client+Constants.swift */ = {isa = PBXFileReference; fileEncoding = 4; lastKnownFileType = sourcecode.swift; path = "Client+Constants.swift"; sourceTree = "<group>"; };
		75E617C51E50CAD80033C236 /* Constants.swift */ = {isa = PBXFileReference; fileEncoding = 4; lastKnownFileType = sourcecode.swift; path = Constants.swift; sourceTree = "<group>"; };
		75F228781FF3842400D222CF /* Search.storyboard */ = {isa = PBXFileReference; fileEncoding = 4; lastKnownFileType = file.storyboard; name = Search.storyboard; path = Base.lproj/Search.storyboard; sourceTree = "<group>"; };
		75F228801FF3870B00D222CF /* UIKit+.swift */ = {isa = PBXFileReference; lastKnownFileType = sourcecode.swift; path = "UIKit+.swift"; sourceTree = "<group>"; };
		75F228831FF436B700D222CF /* Base */ = {isa = PBXFileReference; lastKnownFileType = file.storyboard; name = Base; path = Base.lproj/Conversations.storyboard; sourceTree = "<group>"; };
		75F228851FF436B800D222CF /* Base */ = {isa = PBXFileReference; lastKnownFileType = file.storyboard; name = Base; path = Base.lproj/Profile.storyboard; sourceTree = "<group>"; };
		75F228891FF4389900D222CF /* Base */ = {isa = PBXFileReference; lastKnownFileType = file.storyboard; name = Base; path = Base.lproj/Dictionary.storyboard; sourceTree = "<group>"; };
		75F2288B1FF57C8A00D222CF /* LanguageService.swift */ = {isa = PBXFileReference; lastKnownFileType = sourcecode.swift; path = LanguageService.swift; sourceTree = "<group>"; };
		75FD485B1FFDE57E00E5814C /* TranslateManager.swift */ = {isa = PBXFileReference; lastKnownFileType = sourcecode.swift; path = TranslateManager.swift; sourceTree = "<group>"; };
/* End PBXFileReference section */

/* Begin PBXFrameworksBuildPhase section */
		75E617821E5050310033C236 /* Frameworks */ = {
			isa = PBXFrameworksBuildPhase;
			buildActionMask = 2147483647;
			files = (
				75418D6C2025D46D00E43A93 /* Typist.framework in Frameworks */,
				75FCFF1B1E9D305100F640A6 /* Alamofire.framework in Frameworks */,
				75FCFF1F1E9D305100F640A6 /* OAuth2.framework in Frameworks */,
			);
			runOnlyForDeploymentPostprocessing = 0;
		};
/* End PBXFrameworksBuildPhase section */

/* Begin PBXGroup section */
		75236A00203B014E00FAE29B /* CoreML */ = {
			isa = PBXGroup;
			children = (
				752369FF203B014700FAE29B /* Resnet50.mlmodel */,
			);
			path = CoreML;
			sourceTree = "<group>";
		};
		75418D642025D46800E43A93 /* Products */ = {
			isa = PBXGroup;
			children = (
				75418D692025D46800E43A93 /* Typist-Demo.app */,
				75418D6B2025D46800E43A93 /* Typist.framework */,
			);
			name = Products;
			sourceTree = "<group>";
		};
		7541F13E1E9ABF0F00EE473D /* Frameworks */ = {
			isa = PBXGroup;
			children = (
				75418D632025D46800E43A93 /* Typist.xcodeproj */,
				75A5A88D1E71836D00ABA2CC /* Alamofire.xcodeproj */,
				75A7ED811E6C71B0002DD4ED /* OAuth2.xcodeproj */,
			);
			name = Frameworks;
			sourceTree = "<group>";
		};
		7541F1491E9ABF3900EE473D /* Controllers */ = {
			isa = PBXGroup;
			children = (
				758B61BD1EAFA3F300152AA4 /* Authenticate */,
				758B61B01EABAC6600152AA4 /* Register */,
				758B61C91EAFB96700152AA4 /* Main */,
			);
			name = Controllers;
			sourceTree = "<group>";
		};
		7541F14A1E9ABF5600EE473D /* Storyboards */ = {
			isa = PBXGroup;
			children = (
				75F228821FF436B700D222CF /* Conversations.storyboard */,
				75E617941E5050310033C236 /* LaunchScreen.storyboard */,
				75E6178C1E5050310033C236 /* Main.storyboard */,
				75F228841FF436B800D222CF /* Profile.storyboard */,
				75F228781FF3842400D222CF /* Search.storyboard */,
				75F228881FF4389900D222CF /* Dictionary.storyboard */,
			);
			name = Storyboards;
			sourceTree = "<group>";
		};
		7541F14B1E9ABF7000EE473D /* Resources */ = {
			isa = PBXGroup;
			children = (
				75236A00203B014E00FAE29B /* CoreML */,
				7541F14A1E9ABF5600EE473D /* Storyboards */,
				75E617921E5050310033C236 /* Assets.xcassets */,
				75E617971E5050310033C236 /* Info.plist */,
				75E6178F1E5050310033C236 /* Social_Network.xcdatamodeld */,
			);
			name = Resources;
			sourceTree = "<group>";
		};
		7546A9271FFB2FA500FE2F47 /* Dictionary */ = {
			isa = PBXGroup;
			children = (
				7546A9281FFB2FBC00FE2F47 /* DictionaryViewController.swift */,
				7546A92A1FFB2FD600FE2F47 /* DictionaryEntryViewController.swift */,
				7546A92C1FFB4DE500FE2F47 /* DictionaryEntryTableViewCell.swift */,
				7546A92E1FFBA1C800FE2F47 /* DictionaryEntry.swift */,
				7546A9381FFC4B7400FE2F47 /* DictionaryWordTableViewCell.swift */,
				7546A93A1FFC4B9600FE2F47 /* DictionaryPhotoTableViewCell.swift */,
				7546A93C1FFC4BB700FE2F47 /* DictionaryContextTableViewCell.swift */,
				7546A9421FFC530500FE2F47 /* Translation */,
			);
			name = Dictionary;
			sourceTree = "<group>";
		};
		7546A9421FFC530500FE2F47 /* Translation */ = {
			isa = PBXGroup;
			children = (
				7546A9401FFC52FE00FE2F47 /* TranslationHistoryViewController.swift */,
				7546A93E1FFC52E300FE2F47 /* TranslationHistoryRecordTableViewCell.swift */,
			);
			name = Translation;
			sourceTree = "<group>";
		};
		757BA6821EB2487500CD2829 /* Services */ = {
			isa = PBXGroup;
			children = (
				758BD4411FFD85F3007D47BF /* Third Party */,
				75C8D0EB1FC32D65003E1971 /* MessagesService.swift */,
				75F2288B1FF57C8A00D222CF /* LanguageService.swift */,
				75FD48671FFE79F600E5814C /* Storage */,
			);
			name = Services;
			sourceTree = "<group>";
		};
		758B61A11EA38D3000152AA4 /* ControllerCoordinator */ = {
			isa = PBXGroup;
			children = (
				758B61A21EA38D4100152AA4 /* ControllerCoordinator.swift */,
			);
			name = ControllerCoordinator;
			sourceTree = "<group>";
		};
		758B61AA1EA3D7E700152AA4 /* AppDelegate */ = {
			isa = PBXGroup;
			children = (
				75E617881E5050310033C236 /* AppDelegate.swift */,
			);
			name = AppDelegate;
			sourceTree = "<group>";
		};
		758B61AB1EA939A500152AA4 /* User */ = {
			isa = PBXGroup;
			children = (
				758B61AC1EA939CA00152AA4 /* Language.swift */,
				758B61AE1EA93A0B00152AA4 /* Enums.swift */,
				75D4A7801EC713700029812E /* Enums+Localized.swift */,
				75D4A78E1EC7269E0029812E /* Enums+Server.swift */,
				75A436462029117300FBCA8C /* User.swift */,
				75A436542029119D00FBCA8C /* Message.swift */,
				75A436562029127300FBCA8C /* Comment.swift */,
				75A43658202913F100FBCA8C /* MessageProtocol.swift */,
			);
			name = User;
			sourceTree = "<group>";
		};
		758B61B01EABAC6600152AA4 /* Register */ = {
			isa = PBXGroup;
			children = (
				75E617B91E5056C70033C236 /* RegisterViewController.swift */,
				758B619F1EA38BC600152AA4 /* CompleteRegisterViewController.swift */,
			);
			name = Register;
			sourceTree = "<group>";
		};
		758B61B61EABC90300152AA4 /* UserInfoPicker */ = {
			isa = PBXGroup;
			children = (
				758B61B71EABC91D00152AA4 /* UserInfoPicker.swift */,
			);
			name = UserInfoPicker;
			sourceTree = "<group>";
		};
		758B61B91EABC98100152AA4 /* Notifications */ = {
			isa = PBXGroup;
			children = (
				758B61BA1EABC99200152AA4 /* Notifications.swift */,
			);
			name = Notifications;
			sourceTree = "<group>";
		};
		758B61BD1EAFA3F300152AA4 /* Authenticate */ = {
			isa = PBXGroup;
			children = (
				75E6178A1E5050310033C236 /* LoginViewController.swift */,
			);
			name = Authenticate;
			sourceTree = "<group>";
		};
		758B61C91EAFB96700152AA4 /* Main */ = {
			isa = PBXGroup;
			children = (
				7546A9271FFB2FA500FE2F47 /* Dictionary */,
				75DA6A871EC7886B005563C8 /* Search */,
				758B61D01EB1F47500152AA4 /* Conversations */,
				758B61CC1EAFC63E00152AA4 /* Chat */,
				75DC1CE31EC8BF7B008B6017 /* Profile */,
			);
			name = Main;
			sourceTree = "<group>";
		};
		758B61CC1EAFC63E00152AA4 /* Chat */ = {
			isa = PBXGroup;
			children = (
				758B61C11EAFB02900152AA4 /* ChatViewController.swift */,
				758B61CA1EAFC63500152AA4 /* MessageTableViewCell.swift */,
				758B61D11EB1FE0100152AA4 /* ChatTextView.swift */,
				7546A9321FFBFD6800FE2F47 /* ChatBottomSheetViewController.swift */,
				7546A9341FFBFDA500FE2F47 /* ChatBottomSheetCollectionViewCell.swift */,
				752369F12039F97000FAE29B /* ChatBottomSheetImageCollectionViewCell.swift */,
				7546A9361FFC227400FE2F47 /* ChatBottomSheetViewControllerStrategy.swift */,
			);
			name = Chat;
			sourceTree = "<group>";
		};
		758B61D01EB1F47500152AA4 /* Conversations */ = {
			isa = PBXGroup;
			children = (
				758B61BF1EAFAFE800152AA4 /* ConversationsViewController.swift */,
				758B61CE1EB1F46900152AA4 /* ConversationTableViewCell.swift */,
			);
			name = Conversations;
			sourceTree = "<group>";
		};
		758BD4411FFD85F3007D47BF /* Third Party */ = {
			isa = PBXGroup;
			children = (
				758BD4351FFD85E7007D47BF /* ThirdPartyService.swift */,
				758BD4421FFD8D95007D47BF /* Dictionary */,
				75C8D0EA1FC32D42003E1971 /* Translation */,
			);
			name = "Third Party";
			sourceTree = "<group>";
		};
		758BD4421FFD8D95007D47BF /* Dictionary */ = {
			isa = PBXGroup;
			children = (
				758BD4431FFD8DA9007D47BF /* DictionaryService.swift */,
				758BD4451FFD90E6007D47BF /* YandexDictionaryService.swift */,
			);
			name = Dictionary;
			sourceTree = "<group>";
		};
		75A5A8891E7164D300ABA2CC /* OAuth */ = {
			isa = PBXGroup;
			children = (
				75A5A8BA1E72116200ABA2CC /* OAuth2RetryHandler.swift */,
				75A5A8BC1E7217C000ABA2CC /* OAuthInstances.swift */,
			);
			name = OAuth;
			sourceTree = "<group>";
		};
		75A5A88E1E71836D00ABA2CC /* Products */ = {
			isa = PBXGroup;
			children = (
				75A5A8991E71836E00ABA2CC /* Alamofire.framework */,
				75A5A89B1E71836E00ABA2CC /* Alamofire iOS Tests.xctest */,
				75A5A89D1E71836E00ABA2CC /* Alamofire.framework */,
				75A5A89F1E71836E00ABA2CC /* Alamofire macOS Tests.xctest */,
				75A5A8A11E71836E00ABA2CC /* Alamofire.framework */,
				75A5A8A31E71836E00ABA2CC /* Alamofire tvOS Tests.xctest */,
				75A5A8A51E71836E00ABA2CC /* Alamofire.framework */,
			);
			name = Products;
			sourceTree = "<group>";
		};
		75A7ED821E6C71B0002DD4ED /* Products */ = {
			isa = PBXGroup;
			children = (
				75A7ED891E6C71B0002DD4ED /* OAuth2.framework */,
				75A7ED8B1E6C71B0002DD4ED /* OAuth2.framework */,
				75A7ED8D1E6C71B0002DD4ED /* OAuth2.framework */,
				75A7ED8F1E6C71B0002DD4ED /* OAuth2Tests.xctest */,
			);
			name = Products;
			sourceTree = "<group>";
		};
		75C8D0EA1FC32D42003E1971 /* Translation */ = {
			isa = PBXGroup;
			children = (
				757BA68F1EB248A300CD2829 /* TranslateService.swift */,
				757BA68D1EB2489100CD2829 /* YandexTranslateService.swift */,
			);
			name = Translation;
			sourceTree = "<group>";
		};
		75DA6A871EC7886B005563C8 /* Search */ = {
			isa = PBXGroup;
			children = (
				758B61C71EAFB95600152AA4 /* SearchViewController.swift */,
				75DA6A851EC78866005563C8 /* SearchTableViewCell.swift */,
				75DC1CD41EC8BF34008B6017 /* SearchParametersViewController.swift */,
				7546DC661EE056180099AA66 /* SearchParameterSelectionViewController.swift */,
				7546DC621EE02D690099AA66 /* SearchParameterTableViewCell.swift */,
			);
			name = Search;
			sourceTree = "<group>";
		};
		75DC1CE31EC8BF7B008B6017 /* Profile */ = {
			isa = PBXGroup;
			children = (
				758B61C31EAFB94200152AA4 /* ProfileViewController.swift */,
				75DC1CE01EC8BF48008B6017 /* ProfileEditViewController.swift */,
				75DC1CE41EC8BFE3008B6017 /* UserListTableViewController.swift */,
				750F50CF2027D19B001E28E9 /* UserTableViewCell.swift */,
			);
			name = Profile;
			sourceTree = "<group>";
		};
		75E6177C1E5050300033C236 = {
			isa = PBXGroup;
			children = (
				75E617871E5050310033C236 /* Social Network */,
				7541F13E1E9ABF0F00EE473D /* Frameworks */,
				75E6179F1E5050310033C236 /* Social NetworkTests */,
				75E617AA1E5050310033C236 /* Social NetworkUITests */,
				75E617861E5050310033C236 /* Products */,
			);
			sourceTree = "<group>";
		};
		75E617861E5050310033C236 /* Products */ = {
			isa = PBXGroup;
			children = (
				75E617851E5050310033C236 /* Social Network.app */,
			);
			name = Products;
			sourceTree = "<group>";
		};
		75E617871E5050310033C236 /* Social Network */ = {
			isa = PBXGroup;
			children = (
				75F2287D1FF3869300D222CF /* Extensions */,
				758B61AA1EA3D7E700152AA4 /* AppDelegate */,
				75E617BB1E505DEE0033C236 /* UI */,
				75E617BE1E505E2B0033C236 /* Model */,
				757BA6821EB2487500CD2829 /* Services */,
				7541F14B1E9ABF7000EE473D /* Resources */,
			);
			path = "Social Network";
			sourceTree = "<group>";
		};
		75E6179F1E5050310033C236 /* Social NetworkTests */ = {
			isa = PBXGroup;
			children = (
				75E617A01E5050310033C236 /* Social_NetworkTests.swift */,
				75E617A21E5050310033C236 /* Info.plist */,
			);
			path = "Social NetworkTests";
			sourceTree = "<group>";
		};
		75E617AA1E5050310033C236 /* Social NetworkUITests */ = {
			isa = PBXGroup;
			children = (
				75E617AB1E5050310033C236 /* Social_NetworkUITests.swift */,
				75E617AD1E5050310033C236 /* Info.plist */,
			);
			path = "Social NetworkUITests";
			sourceTree = "<group>";
		};
		75E617BB1E505DEE0033C236 /* UI */ = {
			isa = PBXGroup;
			children = (
				758B61B91EABC98100152AA4 /* Notifications */,
				758B61B61EABC90300152AA4 /* UserInfoPicker */,
				758B61A11EA38D3000152AA4 /* ControllerCoordinator */,
				7541F1491E9ABF3900EE473D /* Controllers */,
			);
			name = UI;
			sourceTree = "<group>";
		};
		75E617BE1E505E2B0033C236 /* Model */ = {
			isa = PBXGroup;
			children = (
				758B61AB1EA939A500152AA4 /* User */,
				75A5A8891E7164D300ABA2CC /* OAuth */,
				75E617BF1E505E330033C236 /* Client */,
				75E617C51E50CAD80033C236 /* Constants.swift */,
				75D4A78C1EC714C10029812E /* String+Localized.swift */,
				75D4A7901EC730400029812E /* String+Server.swift */,
			);
			name = Model;
			sourceTree = "<group>";
		};
		75E617BF1E505E330033C236 /* Client */ = {
			isa = PBXGroup;
			children = (
				75E617BC1E505E240033C236 /* Client.swift */,
				75E617C11E50A2F70033C236 /* Client+Authentication.swift */,
				758B61A41EA3C98800152AA4 /* Client+Interaction.swift */,
				758B61A61EA3CA1A00152AA4 /* Client+User.swift */,
				758B61A81EA3CEB800152AA4 /* Client+Settings.swift */,
				75E617C31E50A4230033C236 /* Client+Constants.swift */,
			);
			name = Client;
			sourceTree = "<group>";
		};
		75F2287D1FF3869300D222CF /* Extensions */ = {
			isa = PBXGroup;
			children = (
				75F228801FF3870B00D222CF /* UIKit+.swift */,
				7527548B1FF6E18500D62C94 /* Foundation+.swift */,
			);
			name = Extensions;
			sourceTree = "<group>";
		};
		75FD48671FFE79F600E5814C /* Storage */ = {
			isa = PBXGroup;
			children = (
				758BD4471FFDC37F007D47BF /* BaseStorageManager.swift */,
				7546A9301FFBA6D000FE2F47 /* DictionaryManager.swift */,
				75FD485B1FFDE57E00E5814C /* TranslateManager.swift */,
				750F50C120278CF6001E28E9 /* UserManager.swift */,
			);
			name = Storage;
			sourceTree = "<group>";
		};
/* End PBXGroup section */

/* Begin PBXNativeTarget section */
		75E617841E5050310033C236 /* Social Network */ = {
			isa = PBXNativeTarget;
			buildConfigurationList = 75E617B01E5050310033C236 /* Build configuration list for PBXNativeTarget "Social Network" */;
			buildPhases = (
				75E617811E5050310033C236 /* Sources */,
				75E617821E5050310033C236 /* Frameworks */,
				75E617831E5050310033C236 /* Resources */,
				75FCFF231E9D305100F640A6 /* Embed Frameworks */,
			);
			buildRules = (
			);
			dependencies = (
				75FCFF1E1E9D305100F640A6 /* PBXTargetDependency */,
				75FCFF221E9D305100F640A6 /* PBXTargetDependency */,
			);
			name = "Social Network";
			productName = "Social Network";
			productReference = 75E617851E5050310033C236 /* Social Network.app */;
			productType = "com.apple.product-type.application";
		};
/* End PBXNativeTarget section */

/* Begin PBXProject section */
		75E6177D1E5050300033C236 /* Project object */ = {
			isa = PBXProject;
			attributes = {
				LastSwiftUpdateCheck = 0820;
				LastUpgradeCheck = 0920;
				ORGANIZATIONNAME = hse;
				TargetAttributes = {
					75E617841E5050310033C236 = {
						CreatedOnToolsVersion = 8.2.1;
						DevelopmentTeam = G9EJHD637F;
						LastSwiftMigration = 0920;
						ProvisioningStyle = Automatic;
						SystemCapabilities = {
							com.apple.Keychain = {
								enabled = 0;
							};
						};
					};
				};
			};
			buildConfigurationList = 75E617801E5050300033C236 /* Build configuration list for PBXProject "Social Network" */;
			compatibilityVersion = "Xcode 3.2";
			developmentRegion = English;
			hasScannedForEncodings = 0;
			knownRegions = (
				en,
				Base,
			);
			mainGroup = 75E6177C1E5050300033C236;
			productRefGroup = 75E617861E5050310033C236 /* Products */;
			projectDirPath = "";
			projectReferences = (
				{
					ProductGroup = 75A5A88E1E71836D00ABA2CC /* Products */;
					ProjectRef = 75A5A88D1E71836D00ABA2CC /* Alamofire.xcodeproj */;
				},
				{
					ProductGroup = 75A7ED821E6C71B0002DD4ED /* Products */;
					ProjectRef = 75A7ED811E6C71B0002DD4ED /* OAuth2.xcodeproj */;
				},
				{
					ProductGroup = 75418D642025D46800E43A93 /* Products */;
					ProjectRef = 75418D632025D46800E43A93 /* Typist.xcodeproj */;
				},
			);
			projectRoot = "";
			targets = (
				75E617841E5050310033C236 /* Social Network */,
			);
		};
/* End PBXProject section */

/* Begin PBXReferenceProxy section */
		75418D692025D46800E43A93 /* Typist-Demo.app */ = {
			isa = PBXReferenceProxy;
			fileType = wrapper.application;
			path = "Typist-Demo.app";
			remoteRef = 75418D682025D46800E43A93 /* PBXContainerItemProxy */;
			sourceTree = BUILT_PRODUCTS_DIR;
		};
		75418D6B2025D46800E43A93 /* Typist.framework */ = {
			isa = PBXReferenceProxy;
			fileType = wrapper.framework;
			path = Typist.framework;
			remoteRef = 75418D6A2025D46800E43A93 /* PBXContainerItemProxy */;
			sourceTree = BUILT_PRODUCTS_DIR;
		};
		75A5A8991E71836E00ABA2CC /* Alamofire.framework */ = {
			isa = PBXReferenceProxy;
			fileType = wrapper.framework;
			path = Alamofire.framework;
			remoteRef = 75A5A8981E71836E00ABA2CC /* PBXContainerItemProxy */;
			sourceTree = BUILT_PRODUCTS_DIR;
		};
		75A5A89B1E71836E00ABA2CC /* Alamofire iOS Tests.xctest */ = {
			isa = PBXReferenceProxy;
			fileType = wrapper.cfbundle;
			path = "Alamofire iOS Tests.xctest";
			remoteRef = 75A5A89A1E71836E00ABA2CC /* PBXContainerItemProxy */;
			sourceTree = BUILT_PRODUCTS_DIR;
		};
		75A5A89D1E71836E00ABA2CC /* Alamofire.framework */ = {
			isa = PBXReferenceProxy;
			fileType = wrapper.framework;
			path = Alamofire.framework;
			remoteRef = 75A5A89C1E71836E00ABA2CC /* PBXContainerItemProxy */;
			sourceTree = BUILT_PRODUCTS_DIR;
		};
		75A5A89F1E71836E00ABA2CC /* Alamofire macOS Tests.xctest */ = {
			isa = PBXReferenceProxy;
			fileType = wrapper.cfbundle;
			path = "Alamofire macOS Tests.xctest";
			remoteRef = 75A5A89E1E71836E00ABA2CC /* PBXContainerItemProxy */;
			sourceTree = BUILT_PRODUCTS_DIR;
		};
		75A5A8A11E71836E00ABA2CC /* Alamofire.framework */ = {
			isa = PBXReferenceProxy;
			fileType = wrapper.framework;
			path = Alamofire.framework;
			remoteRef = 75A5A8A01E71836E00ABA2CC /* PBXContainerItemProxy */;
			sourceTree = BUILT_PRODUCTS_DIR;
		};
		75A5A8A31E71836E00ABA2CC /* Alamofire tvOS Tests.xctest */ = {
			isa = PBXReferenceProxy;
			fileType = wrapper.cfbundle;
			path = "Alamofire tvOS Tests.xctest";
			remoteRef = 75A5A8A21E71836E00ABA2CC /* PBXContainerItemProxy */;
			sourceTree = BUILT_PRODUCTS_DIR;
		};
		75A5A8A51E71836E00ABA2CC /* Alamofire.framework */ = {
			isa = PBXReferenceProxy;
			fileType = wrapper.framework;
			path = Alamofire.framework;
			remoteRef = 75A5A8A41E71836E00ABA2CC /* PBXContainerItemProxy */;
			sourceTree = BUILT_PRODUCTS_DIR;
		};
		75A7ED891E6C71B0002DD4ED /* OAuth2.framework */ = {
			isa = PBXReferenceProxy;
			fileType = wrapper.framework;
			path = OAuth2.framework;
			remoteRef = 75A7ED881E6C71B0002DD4ED /* PBXContainerItemProxy */;
			sourceTree = BUILT_PRODUCTS_DIR;
		};
		75A7ED8B1E6C71B0002DD4ED /* OAuth2.framework */ = {
			isa = PBXReferenceProxy;
			fileType = wrapper.framework;
			path = OAuth2.framework;
			remoteRef = 75A7ED8A1E6C71B0002DD4ED /* PBXContainerItemProxy */;
			sourceTree = BUILT_PRODUCTS_DIR;
		};
		75A7ED8D1E6C71B0002DD4ED /* OAuth2.framework */ = {
			isa = PBXReferenceProxy;
			fileType = wrapper.framework;
			path = OAuth2.framework;
			remoteRef = 75A7ED8C1E6C71B0002DD4ED /* PBXContainerItemProxy */;
			sourceTree = BUILT_PRODUCTS_DIR;
		};
		75A7ED8F1E6C71B0002DD4ED /* OAuth2Tests.xctest */ = {
			isa = PBXReferenceProxy;
			fileType = wrapper.cfbundle;
			path = OAuth2Tests.xctest;
			remoteRef = 75A7ED8E1E6C71B0002DD4ED /* PBXContainerItemProxy */;
			sourceTree = BUILT_PRODUCTS_DIR;
		};
/* End PBXReferenceProxy section */

/* Begin PBXResourcesBuildPhase section */
		75E617831E5050310033C236 /* Resources */ = {
			isa = PBXResourcesBuildPhase;
			buildActionMask = 2147483647;
			files = (
				75F228871FF436B800D222CF /* Profile.storyboard in Resources */,
				75F228861FF436B800D222CF /* Conversations.storyboard in Resources */,
				75E617961E5050310033C236 /* LaunchScreen.storyboard in Resources */,
				75E617931E5050310033C236 /* Assets.xcassets in Resources */,
				75E6178E1E5050310033C236 /* Main.storyboard in Resources */,
				75F228791FF3842400D222CF /* Search.storyboard in Resources */,
				75F2288A1FF4389900D222CF /* Dictionary.storyboard in Resources */,
			);
			runOnlyForDeploymentPostprocessing = 0;
		};
/* End PBXResourcesBuildPhase section */

/* Begin PBXSourcesBuildPhase section */
		75E617811E5050310033C236 /* Sources */ = {
			isa = PBXSourcesBuildPhase;
			buildActionMask = 2147483647;
			files = (
				7546A92D1FFB4DE500FE2F47 /* DictionaryEntryTableViewCell.swift in Sources */,
				758B61BB1EABC99200152AA4 /* Notifications.swift in Sources */,
				75E6178B1E5050310033C236 /* LoginViewController.swift in Sources */,
				7546DC631EE02D690099AA66 /* SearchParameterTableViewCell.swift in Sources */,
				758B61C21EAFB02900152AA4 /* ChatViewController.swift in Sources */,
				75D4A78F1EC7269E0029812E /* Enums+Server.swift in Sources */,
				75236A01203B014E00FAE29B /* Resnet50.mlmodel in Sources */,
				7546A9331FFBFD6800FE2F47 /* ChatBottomSheetViewController.swift in Sources */,
				75D4A78D1EC714C10029812E /* String+Localized.swift in Sources */,
				7546A93D1FFC4BB700FE2F47 /* DictionaryContextTableViewCell.swift in Sources */,
				758BD4361FFD85E7007D47BF /* ThirdPartyService.swift in Sources */,
				757BA68E1EB2489100CD2829 /* YandexTranslateService.swift in Sources */,
				758B61AD1EA939CA00152AA4 /* Language.swift in Sources */,
				7546A9391FFC4B7400FE2F47 /* DictionaryWordTableViewCell.swift in Sources */,
				75E617C21E50A2F70033C236 /* Client+Authentication.swift in Sources */,
				750F50D02027D19B001E28E9 /* UserTableViewCell.swift in Sources */,
				757BA6901EB248A300CD2829 /* TranslateService.swift in Sources */,
				75D4A7811EC713700029812E /* Enums+Localized.swift in Sources */,
				7546A9351FFBFDA500FE2F47 /* ChatBottomSheetCollectionViewCell.swift in Sources */,
				75E617911E5050310033C236 /* Social_Network.xcdatamodeld in Sources */,
				75A43659202913F100FBCA8C /* MessageProtocol.swift in Sources */,
				7546A92B1FFB2FD600FE2F47 /* DictionaryEntryViewController.swift in Sources */,
				7546DC671EE056190099AA66 /* SearchParameterSelectionViewController.swift in Sources */,
				7546A93F1FFC52E300FE2F47 /* TranslationHistoryRecordTableViewCell.swift in Sources */,
				75D4A7911EC730400029812E /* String+Server.swift in Sources */,
				75FD485C1FFDE57E00E5814C /* TranslateManager.swift in Sources */,
				758B61CB1EAFC63500152AA4 /* MessageTableViewCell.swift in Sources */,
				758B61D21EB1FE0100152AA4 /* ChatTextView.swift in Sources */,
				75DC1CE51EC8BFE3008B6017 /* UserListTableViewController.swift in Sources */,
				75DC1CE11EC8BF48008B6017 /* ProfileEditViewController.swift in Sources */,
				7546A9291FFB2FBC00FE2F47 /* DictionaryViewController.swift in Sources */,
				75E617BD1E505E240033C236 /* Client.swift in Sources */,
				75E617891E5050310033C236 /* AppDelegate.swift in Sources */,
				75E617C41E50A4230033C236 /* Client+Constants.swift in Sources */,
				758B61C01EAFAFE800152AA4 /* ConversationsViewController.swift in Sources */,
				758B61A71EA3CA1A00152AA4 /* Client+User.swift in Sources */,
				75E617BA1E5056C70033C236 /* RegisterViewController.swift in Sources */,
				7546A93B1FFC4B9600FE2F47 /* DictionaryPhotoTableViewCell.swift in Sources */,
				758BD4461FFD90E6007D47BF /* YandexDictionaryService.swift in Sources */,
				758BD4481FFDC37F007D47BF /* BaseStorageManager.swift in Sources */,
				758B61A01EA38BC600152AA4 /* CompleteRegisterViewController.swift in Sources */,
				75DC1CD51EC8BF34008B6017 /* SearchParametersViewController.swift in Sources */,
				758B61A51EA3C98800152AA4 /* Client+Interaction.swift in Sources */,
				75A436472029117300FBCA8C /* User.swift in Sources */,
				758B61C81EAFB95600152AA4 /* SearchViewController.swift in Sources */,
				7546A92F1FFBA1C800FE2F47 /* DictionaryEntry.swift in Sources */,
				75F228811FF3870B00D222CF /* UIKit+.swift in Sources */,
				75A436552029119D00FBCA8C /* Message.swift in Sources */,
				758B61C41EAFB94200152AA4 /* ProfileViewController.swift in Sources */,
				758B61B81EABC91D00152AA4 /* UserInfoPicker.swift in Sources */,
				75DA6A861EC78866005563C8 /* SearchTableViewCell.swift in Sources */,
				758B61A91EA3CEB800152AA4 /* Client+Settings.swift in Sources */,
				7546A9371FFC227400FE2F47 /* ChatBottomSheetViewControllerStrategy.swift in Sources */,
				75A5A8BB1E72116200ABA2CC /* OAuth2RetryHandler.swift in Sources */,
				7546A9311FFBA6D000FE2F47 /* DictionaryManager.swift in Sources */,
				75C8D0EC1FC32D66003E1971 /* MessagesService.swift in Sources */,
				75A5A8BD1E7217C000ABA2CC /* OAuthInstances.swift in Sources */,
				7546A9411FFC52FE00FE2F47 /* TranslationHistoryViewController.swift in Sources */,
				7527548C1FF6E18500D62C94 /* Foundation+.swift in Sources */,
				75E617C61E50CAD80033C236 /* Constants.swift in Sources */,
				752369F22039F97000FAE29B /* ChatBottomSheetImageCollectionViewCell.swift in Sources */,
				758B61AF1EA93A0B00152AA4 /* Enums.swift in Sources */,
				750F50C220278CF6001E28E9 /* UserManager.swift in Sources */,
				75A436572029127300FBCA8C /* Comment.swift in Sources */,
				758B61A31EA38D4100152AA4 /* ControllerCoordinator.swift in Sources */,
				758BD4441FFD8DA9007D47BF /* DictionaryService.swift in Sources */,
				758B61CF1EB1F46900152AA4 /* ConversationTableViewCell.swift in Sources */,
				75F2288C1FF57C8A00D222CF /* LanguageService.swift in Sources */,
			);
			runOnlyForDeploymentPostprocessing = 0;
		};
/* End PBXSourcesBuildPhase section */

/* Begin PBXTargetDependency section */
		75FCFF1E1E9D305100F640A6 /* PBXTargetDependency */ = {
			isa = PBXTargetDependency;
			name = "Alamofire iOS";
			targetProxy = 75FCFF1D1E9D305100F640A6 /* PBXContainerItemProxy */;
		};
		75FCFF221E9D305100F640A6 /* PBXTargetDependency */ = {
			isa = PBXTargetDependency;
			name = OAuth2iOS;
			targetProxy = 75FCFF211E9D305100F640A6 /* PBXContainerItemProxy */;
		};
/* End PBXTargetDependency section */

/* Begin PBXVariantGroup section */
		75E6178C1E5050310033C236 /* Main.storyboard */ = {
			isa = PBXVariantGroup;
			children = (
				75E6178D1E5050310033C236 /* Base */,
			);
			name = Main.storyboard;
			sourceTree = "<group>";
		};
		75E617941E5050310033C236 /* LaunchScreen.storyboard */ = {
			isa = PBXVariantGroup;
			children = (
				75E617951E5050310033C236 /* Base */,
			);
			name = LaunchScreen.storyboard;
			sourceTree = "<group>";
		};
		75F228821FF436B700D222CF /* Conversations.storyboard */ = {
			isa = PBXVariantGroup;
			children = (
				75F228831FF436B700D222CF /* Base */,
			);
			name = Conversations.storyboard;
			sourceTree = "<group>";
		};
		75F228841FF436B800D222CF /* Profile.storyboard */ = {
			isa = PBXVariantGroup;
			children = (
				75F228851FF436B800D222CF /* Base */,
			);
			name = Profile.storyboard;
			sourceTree = "<group>";
		};
		75F228881FF4389900D222CF /* Dictionary.storyboard */ = {
			isa = PBXVariantGroup;
			children = (
				75F228891FF4389900D222CF /* Base */,
			);
			name = Dictionary.storyboard;
			sourceTree = "<group>";
		};
/* End PBXVariantGroup section */

/* Begin XCBuildConfiguration section */
		75E617AE1E5050310033C236 /* Debug */ = {
			isa = XCBuildConfiguration;
			buildSettings = {
				ALWAYS_SEARCH_USER_PATHS = NO;
				CLANG_ANALYZER_NONNULL = YES;
				CLANG_CXX_LANGUAGE_STANDARD = "gnu++0x";
				CLANG_CXX_LIBRARY = "libc++";
				CLANG_ENABLE_MODULES = YES;
				CLANG_ENABLE_OBJC_ARC = YES;
				CLANG_WARN_BLOCK_CAPTURE_AUTORELEASING = YES;
				CLANG_WARN_BOOL_CONVERSION = YES;
				CLANG_WARN_COMMA = YES;
				CLANG_WARN_CONSTANT_CONVERSION = YES;
				CLANG_WARN_DIRECT_OBJC_ISA_USAGE = YES_ERROR;
				CLANG_WARN_DOCUMENTATION_COMMENTS = YES;
				CLANG_WARN_EMPTY_BODY = YES;
				CLANG_WARN_ENUM_CONVERSION = YES;
				CLANG_WARN_INFINITE_RECURSION = YES;
				CLANG_WARN_INT_CONVERSION = YES;
				CLANG_WARN_NON_LITERAL_NULL_CONVERSION = YES;
				CLANG_WARN_OBJC_LITERAL_CONVERSION = YES;
				CLANG_WARN_OBJC_ROOT_CLASS = YES_ERROR;
				CLANG_WARN_RANGE_LOOP_ANALYSIS = YES;
				CLANG_WARN_STRICT_PROTOTYPES = YES;
				CLANG_WARN_SUSPICIOUS_MOVE = YES;
				CLANG_WARN_UNREACHABLE_CODE = YES;
				CLANG_WARN__DUPLICATE_METHOD_MATCH = YES;
				"CODE_SIGN_IDENTITY[sdk=iphoneos*]" = "iPhone Developer";
				COPY_PHASE_STRIP = NO;
				DEBUG_INFORMATION_FORMAT = dwarf;
				ENABLE_STRICT_OBJC_MSGSEND = YES;
				ENABLE_TESTABILITY = YES;
				GCC_C_LANGUAGE_STANDARD = gnu99;
				GCC_DYNAMIC_NO_PIC = NO;
				GCC_NO_COMMON_BLOCKS = YES;
				GCC_OPTIMIZATION_LEVEL = 0;
				GCC_PREPROCESSOR_DEFINITIONS = (
					"DEBUG=1",
					"$(inherited)",
				);
				GCC_WARN_64_TO_32_BIT_CONVERSION = YES;
				GCC_WARN_ABOUT_RETURN_TYPE = YES_ERROR;
				GCC_WARN_UNDECLARED_SELECTOR = YES;
				GCC_WARN_UNINITIALIZED_AUTOS = YES_AGGRESSIVE;
				GCC_WARN_UNUSED_FUNCTION = YES;
				GCC_WARN_UNUSED_VARIABLE = YES;
				IPHONEOS_DEPLOYMENT_TARGET = 10.2;
				MTL_ENABLE_DEBUG_INFO = YES;
				ONLY_ACTIVE_ARCH = YES;
				SDKROOT = iphoneos;
				SWIFT_ACTIVE_COMPILATION_CONDITIONS = DEBUG;
				SWIFT_OPTIMIZATION_LEVEL = "-Onone";
				TARGETED_DEVICE_FAMILY = "1,2";
			};
			name = Debug;
		};
		75E617AF1E5050310033C236 /* Release */ = {
			isa = XCBuildConfiguration;
			buildSettings = {
				ALWAYS_SEARCH_USER_PATHS = NO;
				CLANG_ANALYZER_NONNULL = YES;
				CLANG_CXX_LANGUAGE_STANDARD = "gnu++0x";
				CLANG_CXX_LIBRARY = "libc++";
				CLANG_ENABLE_MODULES = YES;
				CLANG_ENABLE_OBJC_ARC = YES;
				CLANG_WARN_BLOCK_CAPTURE_AUTORELEASING = YES;
				CLANG_WARN_BOOL_CONVERSION = YES;
				CLANG_WARN_COMMA = YES;
				CLANG_WARN_CONSTANT_CONVERSION = YES;
				CLANG_WARN_DIRECT_OBJC_ISA_USAGE = YES_ERROR;
				CLANG_WARN_DOCUMENTATION_COMMENTS = YES;
				CLANG_WARN_EMPTY_BODY = YES;
				CLANG_WARN_ENUM_CONVERSION = YES;
				CLANG_WARN_INFINITE_RECURSION = YES;
				CLANG_WARN_INT_CONVERSION = YES;
				CLANG_WARN_NON_LITERAL_NULL_CONVERSION = YES;
				CLANG_WARN_OBJC_LITERAL_CONVERSION = YES;
				CLANG_WARN_OBJC_ROOT_CLASS = YES_ERROR;
				CLANG_WARN_RANGE_LOOP_ANALYSIS = YES;
				CLANG_WARN_STRICT_PROTOTYPES = YES;
				CLANG_WARN_SUSPICIOUS_MOVE = YES;
				CLANG_WARN_UNREACHABLE_CODE = YES;
				CLANG_WARN__DUPLICATE_METHOD_MATCH = YES;
				"CODE_SIGN_IDENTITY[sdk=iphoneos*]" = "iPhone Developer";
				COPY_PHASE_STRIP = NO;
				DEBUG_INFORMATION_FORMAT = "dwarf-with-dsym";
				ENABLE_NS_ASSERTIONS = NO;
				ENABLE_STRICT_OBJC_MSGSEND = YES;
				GCC_C_LANGUAGE_STANDARD = gnu99;
				GCC_NO_COMMON_BLOCKS = YES;
				GCC_WARN_64_TO_32_BIT_CONVERSION = YES;
				GCC_WARN_ABOUT_RETURN_TYPE = YES_ERROR;
				GCC_WARN_UNDECLARED_SELECTOR = YES;
				GCC_WARN_UNINITIALIZED_AUTOS = YES_AGGRESSIVE;
				GCC_WARN_UNUSED_FUNCTION = YES;
				GCC_WARN_UNUSED_VARIABLE = YES;
				IPHONEOS_DEPLOYMENT_TARGET = 10.2;
				MTL_ENABLE_DEBUG_INFO = NO;
				SDKROOT = iphoneos;
				SWIFT_OPTIMIZATION_LEVEL = "-Owholemodule";
				TARGETED_DEVICE_FAMILY = "1,2";
				VALIDATE_PRODUCT = YES;
			};
			name = Release;
		};
		75E617B11E5050310033C236 /* Debug */ = {
			isa = XCBuildConfiguration;
			buildSettings = {
				ALWAYS_EMBED_SWIFT_STANDARD_LIBRARIES = YES;
				ASSETCATALOG_COMPILER_APPICON_NAME = AppIcon;
				DEVELOPMENT_TEAM = G9EJHD637F;
				INFOPLIST_FILE = "Social Network/Info.plist";
				IPHONEOS_DEPLOYMENT_TARGET = 11.0;
				LD_RUNPATH_SEARCH_PATHS = "$(inherited) @executable_path/Frameworks";
				PRODUCT_BUNDLE_IDENTIFIER = hse.socialNetwork;
				PRODUCT_NAME = "$(TARGET_NAME)";
				SWIFT_SWIFT3_OBJC_INFERENCE = Default;
				SWIFT_VERSION = 4.0;
			};
			name = Debug;
		};
		75E617B21E5050310033C236 /* Release */ = {
			isa = XCBuildConfiguration;
			buildSettings = {
				ALWAYS_EMBED_SWIFT_STANDARD_LIBRARIES = YES;
				ASSETCATALOG_COMPILER_APPICON_NAME = AppIcon;
				DEVELOPMENT_TEAM = G9EJHD637F;
				INFOPLIST_FILE = "Social Network/Info.plist";
				IPHONEOS_DEPLOYMENT_TARGET = 11.0;
				LD_RUNPATH_SEARCH_PATHS = "$(inherited) @executable_path/Frameworks";
				PRODUCT_BUNDLE_IDENTIFIER = hse.socialNetwork;
				PRODUCT_NAME = "$(TARGET_NAME)";
				SWIFT_SWIFT3_OBJC_INFERENCE = Default;
				SWIFT_VERSION = 4.0;
			};
			name = Release;
		};
/* End XCBuildConfiguration section */

/* Begin XCConfigurationList section */
		75E617801E5050300033C236 /* Build configuration list for PBXProject "Social Network" */ = {
			isa = XCConfigurationList;
			buildConfigurations = (
				75E617AE1E5050310033C236 /* Debug */,
				75E617AF1E5050310033C236 /* Release */,
			);
			defaultConfigurationIsVisible = 0;
			defaultConfigurationName = Release;
		};
		75E617B01E5050310033C236 /* Build configuration list for PBXNativeTarget "Social Network" */ = {
			isa = XCConfigurationList;
			buildConfigurations = (
				75E617B11E5050310033C236 /* Debug */,
				75E617B21E5050310033C236 /* Release */,
			);
			defaultConfigurationIsVisible = 0;
			defaultConfigurationName = Release;
		};
/* End XCConfigurationList section */

/* Begin XCVersionGroup section */
		75E6178F1E5050310033C236 /* Social_Network.xcdatamodeld */ = {
			isa = XCVersionGroup;
			children = (
				75E617901E5050310033C236 /* Social_Network.xcdatamodel */,
			);
			currentVersion = 75E617901E5050310033C236 /* Social_Network.xcdatamodel */;
			path = Social_Network.xcdatamodeld;
			sourceTree = "<group>";
			versionGroupType = wrapper.xcdatamodel;
		};
/* End XCVersionGroup section */
	};
	rootObject = 75E6177D1E5050300033C236 /* Project object */;
}
